
Microsoft Visual Studio Solution File, Format Version 12.00
# Visual Studio Version 17
VisualStudioVersion = 17.2.32526.322
MinimumVisualStudioVersion = 10.0.40219.1
Project("{FAE04EC0-301F-11D3-BF4B-00C04F79EFBC}") = "FundooNotes", "FundooNotes\FundooNotes.csproj", "{762B4476-6A25-46FD-84F3-7E48DA01998B}"
EndProject
Project("{FAE04EC0-301F-11D3-BF4B-00C04F79EFBC}") = "BusinessLayer", "BusinessLayer\BusinessLayer.csproj", "{E36428CE-5110-49D6-898F-4542E4668B16}"
EndProject
Project("{FAE04EC0-301F-11D3-BF4B-00C04F79EFBC}") = "DataBaseLayer", "DataBaseLayer\DataBaseLayer.csproj", "{5A2813B4-C7F5-4B2E-B8E6-EAF203EE4034}"
EndProject
Project("{FAE04EC0-301F-11D3-BF4B-00C04F79EFBC}") = "RepositoryLayer", "RepositoryLayer\RepositoryLayer.csproj", "{A1D1208D-7729-4BEB-B3B4-D32ADB6512AE}"
EndProject
Global
	GlobalSection(SolutionConfigurationPlatforms) = preSolution
		Debug|Any CPU = Debug|Any CPU
		Release|Any CPU = Release|Any CPU
	EndGlobalSection
	GlobalSection(ProjectConfigurationPlatforms) = postSolution
		{762B4476-6A25-46FD-84F3-7E48DA01998B}.Debug|Any CPU.ActiveCfg = Debug|Any CPU
		{762B4476-6A25-46FD-84F3-7E48DA01998B}.Debug|Any CPU.Build.0 = Debug|Any CPU
		{762B4476-6A25-46FD-84F3-7E48DA01998B}.Release|Any CPU.ActiveCfg = Release|Any CPU
		{762B4476-6A25-46FD-84F3-7E48DA01998B}.Release|Any CPU.Build.0 = Release|Any CPU
		{E36428CE-5110-49D6-898F-4542E4668B16}.Debug|Any CPU.ActiveCfg = Debug|Any CPU
		{E36428CE-5110-49D6-898F-4542E4668B16}.Debug|Any CPU.Build.0 = Debug|Any CPU
		{E36428CE-5110-49D6-898F-4542E4668B16}.Release|Any CPU.ActiveCfg = Release|Any CPU
		{E36428CE-5110-49D6-898F-4542E4668B16}.Release|Any CPU.Build.0 = Release|Any CPU
		{5A2813B4-C7F5-4B2E-B8E6-EAF203EE4034}.Debug|Any CPU.ActiveCfg = Debug|Any CPU
		{5A2813B4-C7F5-4B2E-B8E6-EAF203EE4034}.Debug|Any CPU.Build.0 = Debug|Any CPU
		{5A2813B4-C7F5-4B2E-B8E6-EAF203EE4034}.Release|Any CPU.ActiveCfg = Release|Any CPU
		{5A2813B4-C7F5-4B2E-B8E6-EAF203EE4034}.Release|Any CPU.Build.0 = Release|Any CPU
		{A1D1208D-7729-4BEB-B3B4-D32ADB6512AE}.Debug|Any CPU.ActiveCfg = Debug|Any CPU
		{A1D1208D-7729-4BEB-B3B4-D32ADB6512AE}.Debug|Any CPU.Build.0 = Debug|Any CPU
		{A1D1208D-7729-4BEB-B3B4-D32ADB6512AE}.Release|Any CPU.ActiveCfg = Release|Any CPU
		{A1D1208D-7729-4BEB-B3B4-D32ADB6512AE}.Release|Any CPU.Build.0 = Release|Any CPU
	EndGlobalSection
	GlobalSection(SolutionProperties) = preSolution
		HideSolutionNode = FALSE
	EndGlobalSection
	GlobalSection(ExtensibilityGlobals) = postSolution
		SolutionGuid = {82E57F2F-C4A5-4C3E-A619-835176C90051}
	EndGlobalSection
EndGlobal
